<Solution>
  <Folder Name="/src/">
    <Project Path="src/Sanad.API/Sanad.API.csproj" />
    <Project Path="src/Sanad.Application/Sanad.Application.csproj" />
    <Project Path="src/Sanad.Domain/Sanad.Domain.csproj" />
    <Project Path="src/Sanad.Infrastructure/Sanad.Infrastructure.csproj" />
  </Folder>
</Solution>
